// !$*UTF8*$!
{
	archiveVersion = 1;
	classes = {
	};
	objectVersion = 46;
	objects = {

/* Begin PBXBuildFile section */
		7D4876A11964632700C136EF /* Foundation.framework in Frameworks */ = {isa = PBXBuildFile; fileRef = 7D4876A01964632700C136EF /* Foundation.framework */; };
		7D4876A31964632700C136EF /* CoreGraphics.framework in Frameworks */ = {isa = PBXBuildFile; fileRef = 7D4876A21964632700C136EF /* CoreGraphics.framework */; };
		7D4876A51964632700C136EF /* UIKit.framework in Frameworks */ = {isa = PBXBuildFile; fileRef = 7D4876A41964632700C136EF /* UIKit.framework */; };
		7D4876AB1964632700C136EF /* InfoPlist.strings in Resources */ = {isa = PBXBuildFile; fileRef = 7D4876A91964632700C136EF /* InfoPlist.strings */; };
		7D4876AD1964632700C136EF /* main.m in Sources */ = {isa = PBXBuildFile; fileRef = 7D4876AC1964632700C136EF /* main.m */; };
		7D4876B11964632700C136EF /* AppDelegate.m in Sources */ = {isa = PBXBuildFile; fileRef = 7D4876B01964632700C136EF /* AppDelegate.m */; };
		7D4876B41964632700C136EF /* Main.storyboard in Resources */ = {isa = PBXBuildFile; fileRef = 7D4876B21964632700C136EF /* Main.storyboard */; };
		7D4876B71964632700C136EF /* ViewController.m in Sources */ = {isa = PBXBuildFile; fileRef = 7D4876B61964632700C136EF /* ViewController.m */; };
		7D4876B91964632700C136EF /* Images.xcassets in Resources */ = {isa = PBXBuildFile; fileRef = 7D4876B81964632700C136EF /* Images.xcassets */; };
		7D4876C01964632800C136EF /* XCTest.framework in Frameworks */ = {isa = PBXBuildFile; fileRef = 7D4876BF1964632800C136EF /* XCTest.framework */; };
		7D4876C11964632800C136EF /* Foundation.framework in Frameworks */ = {isa = PBXBuildFile; fileRef = 7D4876A01964632700C136EF /* Foundation.framework */; };
		7D4876C21964632800C136EF /* UIKit.framework in Frameworks */ = {isa = PBXBuildFile; fileRef = 7D4876A41964632700C136EF /* UIKit.framework */; };
		7D4876CA1964632800C136EF /* InfoPlist.strings in Resources */ = {isa = PBXBuildFile; fileRef = 7D4876C81964632800C136EF /* InfoPlist.strings */; };
		7D4876CC1964632800C136EF /* TapBallTests.m in Sources */ = {isa = PBXBuildFile; fileRef = 7D4876CB1964632800C136EF /* TapBallTests.m */; };
/* End PBXBuildFile section */

/* Begin PBXContainerItemProxy section */
		7D4876C31964632800C136EF /* PBXContainerItemProxy */ = {
			isa = PBXContainerItemProxy;
			containerPortal = 7D4876951964632700C136EF /* Project object */;
			proxyType = 1;
			remoteGlobalIDString = 7D48769C1964632700C136EF;
			remoteInfo = TapBall;
		};
/* End PBXContainerItemProxy section */

/* Begin PBXFileReference section */
		7D48769D1964632700C136EF /* TapBall.app */ = {isa = PBXFileReference; explicitFileType = wrapper.application; includeInIndex = 0; path = TapBall.app; sourceTree = BUILT_PRODUCTS_DIR; };
		7D4876A01964632700C136EF /* Foundation.framework */ = {isa = PBXFileReference; lastKnownFileType = wrapper.framework; name = Foundation.framework; path = System/Library/Frameworks/Foundation.framework; sourceTree = SDKROOT; };
		7D4876A21964632700C136EF /* CoreGraphics.framework */ = {isa = PBXFileReference; lastKnownFileType = wrapper.framework; name = CoreGraphics.framework; path = System/Library/Frameworks/CoreGraphics.framework; sourceTree = SDKROOT; };
		7D4876A41964632700C136EF /* UIKit.framework */ = {isa = PBXFileReference; lastKnownFileType = wrapper.framework; name = UIKit.framework; path = System/Library/Frameworks/UIKit.framework; sourceTree = SDKROOT; };
		7D4876A81964632700C136EF /* TapBall-Info.plist */ = {isa = PBXFileReference; lastKnownFileType = text.plist.xml; path = "TapBall-Info.plist"; sourceTree = "<group>"; };
		7D4876AA1964632700C136EF /* en */ = {isa = PBXFileReference; lastKnownFileType = text.plist.strings; name = en; path = en.lproj/InfoPlist.strings; sourceTree = "<group>"; };
		7D4876AC1964632700C136EF /* main.m */ = {isa = PBXFileReference; lastKnownFileType = sourcecode.c.objc; path = main.m; sourceTree = "<group>"; };
		7D4876AE1964632700C136EF /* TapBall-Prefix.pch */ = {isa = PBXFileReference; lastKnownFileType = sourcecode.c.h; path = "TapBall-Prefix.pch"; sourceTree = "<group>"; };
		7D4876AF1964632700C136EF /* AppDelegate.h */ = {isa = PBXFileReference; lastKnownFileType = sourcecode.c.h; path = AppDelegate.h; sourceTree = "<group>"; };
		7D4876B01964632700C136EF /* AppDelegate.m */ = {isa = PBXFileReference; lastKnownFileType = sourcecode.c.objc; path = AppDelegate.m; sourceTree = "<group>"; };
		7D4876B31964632700C136EF /* Base */ = {isa = PBXFileReference; lastKnownFileType = file.storyboard; name = Base; path = Base.lproj/Main.storyboard; sourceTree = "<group>"; };
		7D4876B51964632700C136EF /* ViewController.h */ = {isa = PBXFileReference; lastKnownFileType = sourcecode.c.h; path = ViewController.h; sourceTree = "<group>"; };
		7D4876B61964632700C136EF /* ViewController.m */ = {isa = PBXFileReference; lastKnownFileType = sourcecode.c.objc; path = ViewController.m; sourceTree = "<group>"; };
		7D4876B81964632700C136EF /* Images.xcassets */ = {isa = PBXFileReference; lastKnownFileType = folder.assetcatalog; path = Images.xcassets; sourceTree = "<group>"; };
		7D4876BE1964632800C136EF /* TapBallTests.xctest */ = {isa = PBXFileReference; explicitFileType = wrapper.cfbundle; includeInIndex = 0; path = TapBallTests.xctest; sourceTree = BUILT_PRODUCTS_DIR; };
		7D4876BF1964632800C136EF /* XCTest.framework */ = {isa = PBXFileReference; lastKnownFileType = wrapper.framework; name = XCTest.framework; path = Library/Frameworks/XCTest.framework; sourceTree = DEVELOPER_DIR; };
		7D4876C71964632800C136EF /* TapBallTests-Info.plist */ = {isa = PBXFileReference; lastKnownFileType = text.plist.xml; path = "TapBallTests-Info.plist"; sourceTree = "<group>"; };
		7D4876C91964632800C136EF /* en */ = {isa = PBXFileReference; lastKnownFileType = text.plist.strings; name = en; path = en.lproj/InfoPlist.strings; sourceTree = "<group>"; };
		7D4876CB1964632800C136EF /* TapBallTests.m */ = {isa = PBXFileReference; lastKnownFileType = sourcecode.c.objc; path = TapBallTests.m; sourceTree = "<group>"; };
/* End PBXFileReference section */

/* Begin PBXFrameworksBuildPhase section */
		7D48769A1964632700C136EF /* Frameworks */ = {
			isa = PBXFrameworksBuildPhase;
			buildActionMask = 2147483647;
			files = (
				7D4876A31964632700C136EF /* CoreGraphics.framework in Frameworks */,
				7D4876A51964632700C136EF /* UIKit.framework in Frameworks */,
				7D4876A11964632700C136EF /* Foundation.framework in Frameworks */,
			);
			runOnlyForDeploymentPostprocessing = 0;
		};
		7D4876BB1964632800C136EF /* Frameworks */ = {
			isa = PBXFrameworksBuildPhase;
			buildActionMask = 2147483647;
			files = (
				7D4876C01964632800C136EF /* XCTest.framework in Frameworks */,
				7D4876C21964632800C136EF /* UIKit.framework in Frameworks */,
				7D4876C11964632800C136EF /* Foundation.framework in Frameworks */,
			);
			runOnlyForDeploymentPostprocessing = 0;
		};
/* End PBXFrameworksBuildPhase section */

/* Begin PBXGroup section */
		7D4876941964632700C136EF = {
			isa = PBXGroup;
			children = (
				7D4876A61964632700C136EF /* TapBall */,
				7D4876C51964632800C136EF /* TapBallTests */,
				7D48769F1964632700C136EF /* Frameworks */,
				7D48769E1964632700C136EF /* Products */,
			);
			sourceTree = "<group>";
		};
		7D48769E1964632700C136EF /* Products */ = {
			isa = PBXGroup;
			children = (
				7D48769D1964632700C136EF /* TapBall.app */,
				7D4876BE1964632800C136EF /* TapBallTests.xctest */,
			);
			name = Products;
			sourceTree = "<group>";
		};
		7D48769F1964632700C136EF /* Frameworks */ = {
			isa = PBXGroup;
			children = (
				7D4876A01964632700C136EF /* Foundation.framework */,
				7D4876A21964632700C136EF /* CoreGraphics.framework */,
				7D4876A41964632700C136EF /* UIKit.framework */,
				7D4876BF1964632800C136EF /* XCTest.framework */,
			);
			name = Frameworks;
			sourceTree = "<group>";
		};
		7D4876A61964632700C136EF /* TapBall */ = {
			isa = PBXGroup;
			children = (
				7D4876AF1964632700C136EF /* AppDelegate.h */,
				7D4876B01964632700C136EF /* AppDelegate.m */,
				7D4876B21964632700C136EF /* Main.storyboard */,
				7D4876B51964632700C136EF /* ViewController.h */,
				7D4876B61964632700C136EF /* ViewController.m */,
				7D4876B81964632700C136EF /* Images.xcassets */,
				7D4876A71964632700C136EF /* Supporting Files */,
			);
			path = TapBall;
			sourceTree = "<group>";
		};
		7D4876A71964632700C136EF /* Supporting Files */ = {
			isa = PBXGroup;
			children = (
				7D4876A81964632700C136EF /* TapBall-Info.plist */,
				7D4876A91964632700C136EF /* InfoPlist.strings */,
				7D4876AC1964632700C136EF /* main.m */,
				7D4876AE1964632700C136EF /* TapBall-Prefix.pch */,
			);
			name = "Supporting Files";
			sourceTree = "<group>";
		};
		7D4876C51964632800C136EF /* TapBallTests */ = {
			isa = PBXGroup;
			children = (
				7D4876CB1964632800C136EF /* TapBallTests.m */,
				7D4876C61964632800C136EF /* Supporting Files */,
			);
			path = TapBallTests;
			sourceTree = "<group>";
		};
		7D4876C61964632800C136EF /* Supporting Files */ = {
			isa = PBXGroup;
			children = (
				7D4876C71964632800C136EF /* TapBallTests-Info.plist */,
				7D4876C81964632800C136EF /* InfoPlist.strings */,
			);
			name = "Supporting Files";
			sourceTree = "<group>";
		};
/* End PBXGroup section */

/* Begin PBXNativeTarget section */
		7D48769C1964632700C136EF /* TapBall */ = {
			isa = PBXNativeTarget;
			buildConfigurationList = 7D4876CF1964632800C136EF /* Build configuration list for PBXNativeTarget "TapBall" */;
			buildPhases = (
				7D4876991964632700C136EF /* Sources */,
				7D48769A1964632700C136EF /* Frameworks */,
				7D48769B1964632700C136EF /* Resources */,
			);
			buildRules = (
			);
			dependencies = (
			);
			name = TapBall;
			productName = TapBall;
			productReference = 7D48769D1964632700C136EF /* TapBall.app */;
			productType = "com.apple.product-type.application";
		};
		7D4876BD1964632800C136EF /* TapBallTests */ = {
			isa = PBXNativeTarget;
			buildConfigurationList = 7D4876D21964632800C136EF /* Build configuration list for PBXNativeTarget "TapBallTests" */;
			buildPhases = (
				7D4876BA1964632800C136EF /* Sources */,
				7D4876BB1964632800C136EF /* Frameworks */,
				7D4876BC1964632800C136EF /* Resources */,
			);
			buildRules = (
			);
			dependencies = (
				7D4876C41964632800C136EF /* PBXTargetDependency */,
			);
			name = TapBallTests;
			productName = TapBallTests;
			productReference = 7D4876BE1964632800C136EF /* TapBallTests.xctest */;
			productType = "com.apple.product-type.bundle.unit-test";
		};
/* End PBXNativeTarget section */

/* Begin PBXProject section */
		7D4876951964632700C136EF /* Project object */ = {
			isa = PBXProject;
			attributes = {
				LastUpgradeCheck = 0510;
				ORGANIZATIONNAME = AlecKriebel;
				TargetAttributes = {
					7D4876BD1964632800C136EF = {
						TestTargetID = 7D48769C1964632700C136EF;
					};
				};
			};
			buildConfigurationList = 7D4876981964632700C136EF /* Build configuration list for PBXProject "TapBall" */;
			compatibilityVersion = "Xcode 3.2";
			developmentRegion = English;
			hasScannedForEncodings = 0;
			knownRegions = (
				en,
				Base,
			);
			mainGroup = 7D4876941964632700C136EF;
			productRefGroup = 7D48769E1964632700C136EF /* Products */;
			projectDirPath = "";
			projectRoot = "";
			targets = (
				7D48769C1964632700C136EF /* TapBall */,
				7D4876BD1964632800C136EF /* TapBallTests */,
			);
		};
/* End PBXProject section */

/* Begin PBXResourcesBuildPhase section */
		7D48769B1964632700C136EF /* Resources */ = {
			isa = PBXResourcesBuildPhase;
			buildActionMask = 2147483647;
			files = (
				7D4876B91964632700C136EF /* Images.xcassets in Resources */,
				7D4876AB1964632700C136EF /* InfoPlist.strings in Resources */,
				7D4876B41964632700C136EF /* Main.storyboard in Resources */,
			);
			runOnlyForDeploymentPostprocessing = 0;
		};
		7D4876BC1964632800C136EF /* Resources */ = {
			isa = PBXResourcesBuildPhase;
			buildActionMask = 2147483647;
			files = (
				7D4876CA1964632800C136EF /* InfoPlist.strings in Resources */,
			);
			runOnlyForDeploymentPostprocessing = 0;
		};
/* End PBXResourcesBuildPhase section */

/* Begin PBXSourcesBuildPhase section */
		7D4876991964632700C136EF /* Sources */ = {
			isa = PBXSourcesBuildPhase;
			buildActionMask = 2147483647;
			files = (
				7D4876B71964632700C136EF /* ViewController.m in Sources */,
				7D4876B11964632700C136EF /* AppDelegate.m in Sources */,
				7D4876AD1964632700C136EF /* main.m in Sources */,
			);
			runOnlyForDeploymentPostprocessing = 0;
		};
		7D4876BA1964632800C136EF /* Sources */ = {
			isa = PBXSourcesBuildPhase;
			buildActionMask = 2147483647;
			files = (
				7D4876CC1964632800C136EF /* TapBallTests.m in Sources */,
			);
			runOnlyForDeploymentPostprocessing = 0;
		};
/* End PBXSourcesBuildPhase section */

/* Begin PBXTargetDependency section */
		7D4876C41964632800C136EF /* PBXTargetDependency */ = {
			isa = PBXTargetDependency;
			target = 7D48769C1964632700C136EF /* TapBall */;
			targetProxy = 7D4876C31964632800C136EF /* PBXContainerItemProxy */;
		};
/* End PBXTargetDependency section */

/* Begin PBXVariantGroup section */
		7D4876A91964632700C136EF /* InfoPlist.strings */ = {
			isa = PBXVariantGroup;
			children = (
				7D4876AA1964632700C136EF /* en */,
			);
			name = InfoPlist.strings;
			sourceTree = "<group>";
		};
		7D4876B21964632700C136EF /* Main.storyboard */ = {
			isa = PBXVariantGroup;
			children = (
				7D4876B31964632700C136EF /* Base */,
			);
			name = Main.storyboard;
			sourceTree = "<group>";
		};
		7D4876C81964632800C136EF /* InfoPlist.strings */ = {
			isa = PBXVariantGroup;
			children = (
				7D4876C91964632800C136EF /* en */,
			);
			name = InfoPlist.strings;
			sourceTree = "<group>";
		};
/* End PBXVariantGroup section */

/* Begin XCBuildConfiguration section */
		7D4876CD1964632800C136EF /* Debug */ = {
			isa = XCBuildConfiguration;
			buildSettings = {
				ALWAYS_SEARCH_USER_PATHS = NO;
				CLANG_CXX_LANGUAGE_STANDARD = "gnu++0x";
				CLANG_CXX_LIBRARY = "libc++";
				CLANG_ENABLE_MODULES = YES;
				CLANG_ENABLE_OBJC_ARC = YES;
				CLANG_WARN_BOOL_CONVERSION = YES;
				CLANG_WARN_CONSTANT_CONVERSION = YES;
				CLANG_WARN_DIRECT_OBJC_ISA_USAGE = YES_ERROR;
				CLANG_WARN_EMPTY_BODY = YES;
				CLANG_WARN_ENUM_CONVERSION = YES;
				CLANG_WARN_INT_CONVERSION = YES;
				CLANG_WARN_OBJC_ROOT_CLASS = YES_ERROR;
				CLANG_WARN__DUPLICATE_METHOD_MATCH = YES;
				"CODE_SIGN_IDENTITY[sdk=iphoneos*]" = "iPhone Developer";
				COPY_PHASE_STRIP = NO;
				GCC_C_LANGUAGE_STANDARD = gnu99;
				GCC_DYNAMIC_NO_PIC = NO;
				GCC_OPTIMIZATION_LEVEL = 0;
				GCC_PREPROCESSOR_DEFINITIONS = (
					"DEBUG=1",
					"$(inherited)",
				);
				GCC_SYMBOLS_PRIVATE_EXTERN = NO;
				GCC_WARN_64_TO_32_BIT_CONVERSION = YES;
				GCC_WARN_ABOUT_RETURN_TYPE = YES_ERROR;
				GCC_WARN_UNDECLARED_SELECTOR = YES;
				GCC_WARN_UNINITIALIZED_AUTOS = YES_AGGRESSIVE;
				GCC_WARN_UNUSED_FUNCTION = YES;
				GCC_WARN_UNUSED_VARIABLE = YES;
				IPHONEOS_DEPLOYMENT_TARGET = 7.1;
				ONLY_ACTIVE_ARCH = YES;
				SDKROOT = iphoneos;
			};
			name = Debug;
		};
		7D4876CE1964632800C136EF /* Release */ = {
			isa = XCBuildConfiguration;
			buildSettings = {
				ALWAYS_SEARCH_USER_PATHS = NO;
				CLANG_CXX_LANGUAGE_STANDARD = "gnu++0x";
				CLANG_CXX_LIBRARY = "libc++";
				CLANG_ENABLE_MODULES = YES;
				CLANG_ENABLE_OBJC_ARC = YES;
				CLANG_WARN_BOOL_CONVERSION = YES;
				CLANG_WARN_CONSTANT_CONVERSION = YES;
				CLANG_WARN_DIRECT_OBJC_ISA_USAGE = YES_ERROR;
				CLANG_WARN_EMPTY_BODY = YES;
				CLANG_WARN_ENUM_CONVERSION = YES;
				CLANG_WARN_INT_CONVERSION = YES;
				CLANG_WARN_OBJC_ROOT_CLASS = YES_ERROR;
				CLANG_WARN__DUPLICATE_METHOD_MATCH = YES;
				"CODE_SIGN_IDENTITY[sdk=iphoneos*]" = "iPhone Developer";
				COPY_PHASE_STRIP = YES;
				ENABLE_NS_ASSERTIONS = NO;
				GCC_C_LANGUAGE_STANDARD = gnu99;
				GCC_WARN_64_TO_32_BIT_CONVERSION = YES;
				GCC_WARN_ABOUT_RETURN_TYPE = YES_ERROR;
				GCC_WARN_UNDECLARED_SELECTOR = YES;
				GCC_WARN_UNINITIALIZED_AUTOS = YES_AGGRESSIVE;
				GCC_WARN_UNUSED_FUNCTION = YES;
				GCC_WARN_UNUSED_VARIABLE = YES;
				IPHONEOS_DEPLOYMENT_TARGET = 7.1;
				SDKROOT = iphoneos;
				VALIDATE_PRODUCT = YES;
			};
			name = Release;
		};
		7D4876D01964632800C136EF /* Debug */ = {
			isa = XCBuildConfiguration;
			buildSettings = {
				ASSETCATALOG_COMPILER_APPICON_NAME = AppIcon;
				ASSETCATALOG_COMPILER_LAUNCHIMAGE_NAME = LaunchImage;
				GCC_PRECOMPILE_PREFIX_HEADER = YES;
				GCC_PREFIX_HEADER = "TapBall/TapBall-Prefix.pch";
				INFOPLIST_FILE = "TapBall/TapBall-Info.plist";
				PRODUCT_NAME = "$(TARGET_NAME)";
				WRAPPER_EXTENSION = app;
			};
			name = Debug;
		};
		7D4876D11964632800C136EF /* Release */ = {
			isa = XCBuildConfiguration;
			buildSettings = {
				ASSETCATALOG_COMPILER_APPICON_NAME = AppIcon;
				ASSETCATALOG_COMPILER_LAUNCHIMAGE_NAME = LaunchImage;
				GCC_PRECOMPILE_PREFIX_HEADER = YES;
				GCC_PREFIX_HEADER = "TapBall/TapBall-Prefix.pch";
				INFOPLIST_FILE = "TapBall/TapBall-Info.plist";
				PRODUCT_NAME = "$(TARGET_NAME)";
				WRAPPER_EXTENSION = app;
			};
			name = Release;
		};
		7D4876D31964632800C136EF /* Debug */ = {
			isa = XCBuildConfiguration;
			buildSettings = {
				BUNDLE_LOADER = "$(BUILT_PRODUCTS_DIR)/TapBall.app/TapBall";
				FRAMEWORK_SEARCH_PATHS = (
					"$(SDKROOT)/Developer/Library/Frameworks",
					"$(inherited)",
					"$(DEVELOPER_FRAMEWORKS_DIR)",
				);
				GCC_PRECOMPILE_PREFIX_HEADER = YES;
				GCC_PREFIX_HEADER = "TapBall/TapBall-Prefix.pch";
				GCC_PREPROCESSOR_DEFINITIONS = (
					"DEBUG=1",
					"$(inherited)",
				);
				INFOPLIST_FILE = "TapBallTests/TapBallTests-Info.plist";
				PRODUCT_NAME = "$(TARGET_NAME)";
				TEST_HOST = "$(BUNDLE_LOADER)";
				WRAPPER_EXTENSION = xctest;
			};
			name = Debug;
		};
		7D4876D41964632800C136EF /* Release */ = {
			isa = XCBuildConfiguration;
			buildSettings = {
				BUNDLE_LOADER = "$(BUILT_PRODUCTS_DIR)/TapBall.app/TapBall";
				FRAMEWORK_SEARCH_PATHS = (
					"$(SDKROOT)/Developer/Library/Frameworks",
					"$(inherited)",
					"$(DEVELOPER_FRAMEWORKS_DIR)",
				);
				GCC_PRECOMPILE_PREFIX_HEADER = YES;
				GCC_PREFIX_HEADER = "TapBall/TapBall-Prefix.pch";
				INFOPLIST_FILE = "TapBallTests/TapBallTests-Info.plist";
				PRODUCT_NAME = "$(TARGET_NAME)";
				TEST_HOST = "$(BUNDLE_LOADER)";
				WRAPPER_EXTENSION = xctest;
			};
			name = Release;
		};
/* End XCBuildConfiguration section */

/* Begin XCConfigurationList section */
		7D4876981964632700C136EF /* Build configuration list for PBXProject "TapBall" */ = {
			isa = XCConfigurationList;
			buildConfigurations = (
				7D4876CD1964632800C136EF /* Debug */,
				7D4876CE1964632800C136EF /* Release */,
			);
			defaultConfigurationIsVisible = 0;
			defaultConfigurationName = Release;
		};
		7D4876CF1964632800C136EF /* Build configuration list for PBXNativeTarget "TapBall" */ = {
			isa = XCConfigurationList;
			buildConfigurations = (
				7D4876D01964632800C136EF /* Debug */,
				7D4876D11964632800C136EF /* Release */,
			);
			defaultConfigurationIsVisible = 0;
		};
		7D4876D21964632800C136EF /* Build configuration list for PBXNativeTarget "TapBallTests" */ = {
			isa = XCConfigurationList;
			buildConfigurations = (
				7D4876D31964632800C136EF /* Debug */,
				7D4876D41964632800C136EF /* Release */,
			);
			defaultConfigurationIsVisible = 0;
		};
/* End XCConfigurationList section */
	};
	rootObject = 7D4876951964632700C136EF /* Project object */;
}
